<?xml version="1.0" encoding="UTF-8"?>
<Scheme
   version = "1.3">
   <BuildAction>
      <BuildActionEntries>
         <BuildActionEntry
            buildForRunning = "YES">
            <BuildableReference
               BuildableIdentifier = "primary"
               BlueprintIdentifier = "5834BFAE23E0AB55004EB5DB"
               BuildableName = "I Am Wealthy.app"
               BlueprintName = "I Am Wealthy"
               ReferencedContainer = "container:I Am Wealthy.xcodeproj">
            </BuildableReference>
         </BuildActionEntry>
      </BuildActionEntries>
   </BuildAction>
   <LaunchAction
      useCustomWorkingDirectory = "NO"
      buildConfiguration = "Debug"
      allowLocationSimulation = "YES">
      <BuildableProductRunnable>
         <BuildableReference
            BuildableIdentifier = "primary"
            BlueprintIdentifier = "5834BFAE23E0AB55004EB5DB"
            BuildableName = "I Am Wealthy.app"
            BlueprintName = "I Am Wealthy"
            ReferencedContainer = "container:I Am Wealthy.xcodeproj">
         </BuildableReference>
      </BuildableProductRunnable>
   </LaunchAction>
</Scheme>
